
Microsoft Visual Studio Solution File, Format Version 12.00
Project("{FAE04EC0-301F-11D3-BF4B-00C04F79EFBC}") = "MyLibrary", "MyLibrary\MyLibrary.csproj", "{66C8973F-4212-4B1D-8A2F-B946F6234488}"
EndProject
Project("{FAE04EC0-301F-11D3-BF4B-00C04F79EFBC}") = "AOPSample001", "AOPSample001\AOPSample001.csproj", "{D7268557-DEA4-42EE-A305-DD2AC78C9AE4}"
EndProject
Project("{FAE04EC0-301F-11D3-BF4B-00C04F79EFBC}") = "AOPSample002", "AOPSample002\AOPSample002.csproj", "{89D0C3F0-F024-4B76-BBC6-18DCF455F326}"
EndProject
Project("{FAE04EC0-301F-11D3-BF4B-00C04F79EFBC}") = "AOPSample003", "AOPSample003\AOPSample003.csproj", "{380BF285-50B7-44EF-8B3F-ACAE3994A7A2}"
EndProject
Project("{FAE04EC0-301F-11D3-BF4B-00C04F79EFBC}") = "AOPSample004", "AOPSample004\AOPSample004.csproj", "{328A25FF-7217-4E22-8A36-6BFD7456989B}"
EndProject
Project("{FAE04EC0-301F-11D3-BF4B-00C04F79EFBC}") = "AOPSample005", "AOPSample005\AOPSample005.csproj", "{41B0C20D-6DCA-4F81-BE99-02A352E1B2ED}"
EndProject
Project("{FAE04EC0-301F-11D3-BF4B-00C04F79EFBC}") = "AOPSample006", "AOPSample006\AOPSample006.csproj", "{C9E3D884-6819-4BD1-AD55-FDD85626E157}"
EndProject
Project("{FAE04EC0-301F-11D3-BF4B-00C04F79EFBC}") = "AOPSample007", "AOPSample007\AOPSample007.csproj", "{33E77D5C-A029-4FDF-9BDA-F0A823605AEA}"
EndProject
Project("{FAE04EC0-301F-11D3-BF4B-00C04F79EFBC}") = "AOPSample008", "AOPSample008\AOPSample008.csproj", "{C34EE79E-1697-4E4B-AF80-EAAF386C40D3}"
EndProject
Project("{FAE04EC0-301F-11D3-BF4B-00C04F79EFBC}") = "AOPSample009", "AOPSample009\AOPSample009.csproj", "{306FB009-BF05-485F-BB3C-226BAEF6B7B4}"
EndProject
Global
	GlobalSection(SolutionConfigurationPlatforms) = preSolution
		Debug|Any CPU = Debug|Any CPU
		Release|Any CPU = Release|Any CPU
	EndGlobalSection
	GlobalSection(ProjectConfigurationPlatforms) = postSolution
		{66C8973F-4212-4B1D-8A2F-B946F6234488}.Debug|Any CPU.ActiveCfg = Debug|Any CPU
		{66C8973F-4212-4B1D-8A2F-B946F6234488}.Debug|Any CPU.Build.0 = Debug|Any CPU
		{66C8973F-4212-4B1D-8A2F-B946F6234488}.Release|Any CPU.ActiveCfg = Release|Any CPU
		{66C8973F-4212-4B1D-8A2F-B946F6234488}.Release|Any CPU.Build.0 = Release|Any CPU
		{D7268557-DEA4-42EE-A305-DD2AC78C9AE4}.Debug|Any CPU.ActiveCfg = Debug|Any CPU
		{D7268557-DEA4-42EE-A305-DD2AC78C9AE4}.Debug|Any CPU.Build.0 = Debug|Any CPU
		{D7268557-DEA4-42EE-A305-DD2AC78C9AE4}.Release|Any CPU.ActiveCfg = Release|Any CPU
		{D7268557-DEA4-42EE-A305-DD2AC78C9AE4}.Release|Any CPU.Build.0 = Release|Any CPU
		{89D0C3F0-F024-4B76-BBC6-18DCF455F326}.Debug|Any CPU.ActiveCfg = Debug|Any CPU
		{89D0C3F0-F024-4B76-BBC6-18DCF455F326}.Debug|Any CPU.Build.0 = Debug|Any CPU
		{89D0C3F0-F024-4B76-BBC6-18DCF455F326}.Release|Any CPU.ActiveCfg = Release|Any CPU
		{89D0C3F0-F024-4B76-BBC6-18DCF455F326}.Release|Any CPU.Build.0 = Release|Any CPU
		{380BF285-50B7-44EF-8B3F-ACAE3994A7A2}.Debug|Any CPU.ActiveCfg = Debug|Any CPU
		{380BF285-50B7-44EF-8B3F-ACAE3994A7A2}.Debug|Any CPU.Build.0 = Debug|Any CPU
		{380BF285-50B7-44EF-8B3F-ACAE3994A7A2}.Release|Any CPU.ActiveCfg = Release|Any CPU
		{380BF285-50B7-44EF-8B3F-ACAE3994A7A2}.Release|Any CPU.Build.0 = Release|Any CPU
		{328A25FF-7217-4E22-8A36-6BFD7456989B}.Debug|Any CPU.ActiveCfg = Debug|Any CPU
		{328A25FF-7217-4E22-8A36-6BFD7456989B}.Debug|Any CPU.Build.0 = Debug|Any CPU
		{328A25FF-7217-4E22-8A36-6BFD7456989B}.Release|Any CPU.ActiveCfg = Release|Any CPU
		{328A25FF-7217-4E22-8A36-6BFD7456989B}.Release|Any CPU.Build.0 = Release|Any CPU
		{41B0C20D-6DCA-4F81-BE99-02A352E1B2ED}.Debug|Any CPU.ActiveCfg = Debug|Any CPU
		{41B0C20D-6DCA-4F81-BE99-02A352E1B2ED}.Debug|Any CPU.Build.0 = Debug|Any CPU
		{41B0C20D-6DCA-4F81-BE99-02A352E1B2ED}.Release|Any CPU.ActiveCfg = Release|Any CPU
		{41B0C20D-6DCA-4F81-BE99-02A352E1B2ED}.Release|Any CPU.Build.0 = Release|Any CPU
		{C9E3D884-6819-4BD1-AD55-FDD85626E157}.Debug|Any CPU.ActiveCfg = Debug|Any CPU
		{C9E3D884-6819-4BD1-AD55-FDD85626E157}.Debug|Any CPU.Build.0 = Debug|Any CPU
		{C9E3D884-6819-4BD1-AD55-FDD85626E157}.Release|Any CPU.ActiveCfg = Release|Any CPU
		{C9E3D884-6819-4BD1-AD55-FDD85626E157}.Release|Any CPU.Build.0 = Release|Any CPU
		{33E77D5C-A029-4FDF-9BDA-F0A823605AEA}.Debug|Any CPU.ActiveCfg = Debug|Any CPU
		{33E77D5C-A029-4FDF-9BDA-F0A823605AEA}.Debug|Any CPU.Build.0 = Debug|Any CPU
		{33E77D5C-A029-4FDF-9BDA-F0A823605AEA}.Release|Any CPU.ActiveCfg = Release|Any CPU
		{33E77D5C-A029-4FDF-9BDA-F0A823605AEA}.Release|Any CPU.Build.0 = Release|Any CPU
		{C34EE79E-1697-4E4B-AF80-EAAF386C40D3}.Debug|Any CPU.ActiveCfg = Debug|Any CPU
		{C34EE79E-1697-4E4B-AF80-EAAF386C40D3}.Debug|Any CPU.Build.0 = Debug|Any CPU
		{C34EE79E-1697-4E4B-AF80-EAAF386C40D3}.Release|Any CPU.ActiveCfg = Release|Any CPU
		{C34EE79E-1697-4E4B-AF80-EAAF386C40D3}.Release|Any CPU.Build.0 = Release|Any CPU
		{306FB009-BF05-485F-BB3C-226BAEF6B7B4}.Debug|Any CPU.ActiveCfg = Debug|Any CPU
		{306FB009-BF05-485F-BB3C-226BAEF6B7B4}.Debug|Any CPU.Build.0 = Debug|Any CPU
		{306FB009-BF05-485F-BB3C-226BAEF6B7B4}.Release|Any CPU.ActiveCfg = Release|Any CPU
		{306FB009-BF05-485F-BB3C-226BAEF6B7B4}.Release|Any CPU.Build.0 = Release|Any CPU
	EndGlobalSection
EndGlobal
